{
  "name": "notion-enhancer",
  "version": "0.11.1",
  "lockfileVersion": 3,
  "requires": true,
  "packages": {
    "": {
      "name": "notion-enhancer",
      "version": "0.11.1",
      "license": "MIT",
      "dependencies": {
        "@electron/asar": "^3.2.7",
        "arg": "^5.0.2",
        "chalk-template": "^1.1.0"
      },
      "bin": {
        "notion-enhancer": "bin.mjs"
      },
      "engines": {
        "node": ">=18.x.x"
      },
      "funding": {
        "url": "https://github.com/sponsors/dragonwocky"
      }
    },
    "node_modules/@electron/asar": {
      "version": "3.2.7",
      "resolved": "https://registry.npmjs.org/@electron/asar/-/asar-3.2.7.tgz",
      "integrity": "sha512-8FaSCAIiZGYFWyjeevPQt+0e9xCK9YmJ2Rjg5SXgdsXon6cRnU0Yxnbe6CvJbQn26baifur2Y2G5EBayRIsjyg==",
      "dependencies": {
        "commander": "^5.0.0",
        "glob": "^7.1.6",
        "minimatch": "^3.0.4"
      },
      "bin": {
        "asar": "bin/asar.js"
      },
      "engines": {
        "node": ">=10.12.0"
      }
    },
    "node_modules/arg": {
      "version": "5.0.2",
      "license": "MIT"
    },
    "node_modules/balanced-match": {
      "version": "1.0.2",
      "license": "MIT"
    },
    "node_modules/brace-expansion": {
      "version": "1.1.11",
      "license": "MIT",
      "dependencies": {
        "balanced-match": "^1.0.0",
        "concat-map": "0.0.1"
      }
    },
    "node_modules/chalk": {
      "version": "5.2.0",
      "license": "MIT",
      "engines": {
        "node": "^12.17.0 || ^14.13 || >=16.0.0"
      },
      "funding": {
        "url": "https://github.com/chalk/chalk?sponsor=1"
      }
    },
    "node_modules/chalk-template": {
      "version": "1.1.0",
      "license": "MIT",
      "dependencies": {
        "chalk": "^5.2.0"
      },
      "engines": {
        "node": ">=14.16"
      },
      "funding": {
        "url": "https://github.com/chalk/chalk-template?sponsor=1"
      }
    },
    "node_modules/commander": {
      "version": "5.1.0",
      "license": "MIT",
      "engines": {
        "node": ">= 6"
      }
    },
    "node_modules/concat-map": {
      "version": "0.0.1",
      "license": "MIT"
    },
    "node_modules/fs.realpath": {
      "version": "1.0.0",
      "license": "ISC"
    },
    "node_modules/glob": {
      "version": "7.2.3",
      "license": "ISC",
      "dependencies": {
        "fs.realpath": "^1.0.0",
        "inflight": "^1.0.4",
        "inherits": "2",
        "minimatch": "^3.1.1",
        "once": "^1.3.0",
        "path-is-absolute": "^1.0.0"
      },
      "engines": {
        "node": "*"
      },
      "funding": {
        "url": "https://github.com/sponsors/isaacs"
      }
    },
    "node_modules/inflight": {
      "version": "1.0.6",
      "license": "ISC",
      "dependencies": {
        "once": "^1.3.0",
        "wrappy": "1"
      }
    },
    "node_modules/inherits": {
      "version": "2.0.4",
      "license": "ISC"
    },
    "node_modules/minimatch": {
      "version": "3.1.2",
      "license": "ISC",
      "dependencies": {
        "brace-expansion": "^1.1.7"
      },
      "engines": {
        "node": "*"
      }
    },
    "node_modules/once": {
      "version": "1.4.0",
      "license": "ISC",
      "dependencies": {
        "wrappy": "1"
      }
    },
    "node_modules/path-is-absolute": {
      "version": "1.0.1",
      "license": "MIT",
      "engines": {
        "node": ">=0.10.0"
      }
    },
    "node_modules/wrappy": {
      "version": "1.0.2",
      "license": "ISC"
    }
  }
}
